
Microsoft Visual Studio Solution File, Format Version 12.00
# Visual Studio Version 17
VisualStudioVersion = 17.12.35728.132 d17.12
MinimumVisualStudioVersion = 10.0.40219.1
Project("{FAE04EC0-301F-11D3-BF4B-00C04F79EFBC}") = "AzFunctionDockerTeraformPoc", "AzFunctionDockerTeraformPoc\AzFunctionDockerTeraformPoc.csproj", "{05CD7704-54DC-4A00-BD88-ADEA2181DBD7}"
EndProject
Project("{2150E333-8FDC-42A3-9474-1A3956D46DE8}") = ".github", ".github", "{21408A60-0A39-4E65-AE62-8DE9F38304F5}"
EndProject
Project("{2150E333-8FDC-42A3-9474-1A3956D46DE8}") = "workflows", "workflows", "{43DE3CEC-CEB3-4A00-80D7-E164B6788D94}"
	ProjectSection(SolutionItems) = preProject
		build.yml = build.yml
		terraformDestory.yml = terraformDestory.yml
	EndProjectSection
EndProject
Project("{2150E333-8FDC-42A3-9474-1A3956D46DE8}") = "Terraform", "Terraform", "{72421611-86F5-4A53-BEDE-42BF859782DE}"
	ProjectSection(SolutionItems) = preProject
		main.tf = main.tf
	EndProjectSection
EndProject
Global
	GlobalSection(SolutionConfigurationPlatforms) = preSolution
		Debug|Any CPU = Debug|Any CPU
		Release|Any CPU = Release|Any CPU
	EndGlobalSection
	GlobalSection(ProjectConfigurationPlatforms) = postSolution
		{05CD7704-54DC-4A00-BD88-ADEA2181DBD7}.Debug|Any CPU.ActiveCfg = Debug|Any CPU
		{05CD7704-54DC-4A00-BD88-ADEA2181DBD7}.Debug|Any CPU.Build.0 = Debug|Any CPU
		{05CD7704-54DC-4A00-BD88-ADEA2181DBD7}.Release|Any CPU.ActiveCfg = Release|Any CPU
		{05CD7704-54DC-4A00-BD88-ADEA2181DBD7}.Release|Any CPU.Build.0 = Release|Any CPU
	EndGlobalSection
	GlobalSection(SolutionProperties) = preSolution
		HideSolutionNode = FALSE
	EndGlobalSection
	GlobalSection(NestedProjects) = preSolution
		{43DE3CEC-CEB3-4A00-80D7-E164B6788D94} = {21408A60-0A39-4E65-AE62-8DE9F38304F5}
	EndGlobalSection
EndGlobal
